
Microsoft Visual Studio Solution File, Format Version 12.00
# Visual Studio Version 17
VisualStudioVersion = 17.7.34221.43
MinimumVisualStudioVersion = 10.0.40219.1
Project("{FAE04EC0-301F-11D3-BF4B-00C04F79EFBC}") = "Api1", "Api1\Api1.csproj", "{D275CC5E-944A-4DD5-98E8-7009BEC3D820}"
EndProject
Global
	GlobalSection(SolutionConfigurationPlatforms) = preSolution
		Debug|Any CPU = Debug|Any CPU
		Release|Any CPU = Release|Any CPU
	EndGlobalSection
	GlobalSection(ProjectConfigurationPlatforms) = postSolution
		{D275CC5E-944A-4DD5-98E8-7009BEC3D820}.Debug|Any CPU.ActiveCfg = Debug|Any CPU
		{D275CC5E-944A-4DD5-98E8-7009BEC3D820}.Debug|Any CPU.Build.0 = Debug|Any CPU
		{D275CC5E-944A-4DD5-98E8-7009BEC3D820}.Release|Any CPU.ActiveCfg = Release|Any CPU
		{D275CC5E-944A-4DD5-98E8-7009BEC3D820}.Release|Any CPU.Build.0 = Release|Any CPU
	EndGlobalSection
	GlobalSection(SolutionProperties) = preSolution
		HideSolutionNode = FALSE
	EndGlobalSection
	GlobalSection(ExtensibilityGlobals) = postSolution
		SolutionGuid = {82E86F24-D155-40D1-8B71-CF598C902FF9}
	EndGlobalSection
EndGlobal
